
Microsoft Visual Studio Solution File, Format Version 12.00
# Visual Studio Version 17
VisualStudioVersion = 17.4.33122.133
MinimumVisualStudioVersion = 10.0.40219.1
Project("{FAE04EC0-301F-11D3-BF4B-00C04F79EFBC}") = "TaskSHarp", "TaskSHarp\TaskSHarp.csproj", "{20950786-AC7E-4E81-ACC8-EFF081C2B612}"
EndProject
Global
	GlobalSection(SolutionConfigurationPlatforms) = preSolution
		Debug|Any CPU = Debug|Any CPU
		Release|Any CPU = Release|Any CPU
	EndGlobalSection
	GlobalSection(ProjectConfigurationPlatforms) = postSolution
		{20950786-AC7E-4E81-ACC8-EFF081C2B612}.Debug|Any CPU.ActiveCfg = Debug|Any CPU
		{20950786-AC7E-4E81-ACC8-EFF081C2B612}.Debug|Any CPU.Build.0 = Debug|Any CPU
		{20950786-AC7E-4E81-ACC8-EFF081C2B612}.Release|Any CPU.ActiveCfg = Release|Any CPU
		{20950786-AC7E-4E81-ACC8-EFF081C2B612}.Release|Any CPU.Build.0 = Release|Any CPU
	EndGlobalSection
	GlobalSection(SolutionProperties) = preSolution
		HideSolutionNode = FALSE
	EndGlobalSection
	GlobalSection(ExtensibilityGlobals) = postSolution
		SolutionGuid = {590DDADD-19CE-4EA9-91F2-1994B7BC5304}
	EndGlobalSection
EndGlobal
